{
  "object": {
    "pins": [
      {
        "package": "SwiftExtensionsPack",
        "repositoryURL": "https://github.com/nerzh/swift-extensions-pack.git",
        "state": {
          "branch": null,
          "revision": "3a676d5b996cf22f1b53e0a9ccb997cc181a8d65",
          "version": "0.4.1"
        }
      },
      {
        "package": "SwiftRegularExpression",
        "repositoryURL": "https://github.com/nerzh/swift-regular-expression.git",
        "state": {
          "branch": null,
          "revision": "957f5a37eff8e6a4efde69a32054e82428ae85a8",
          "version": "0.2.2"
        }
      },
      {
        "package": "FileUtils",
        "repositoryURL": "https://github.com/nerzh/SwiftFileUtils.git",
        "state": {
          "branch": null,
          "revision": "bfb4be078367721c64b47376e9b311ef24869ad9",
          "version": "1.1.0"
        }
      }
    ]
  },
  "version": 1
}
